// !$*UTF8*$!
{
	archiveVersion = 1;
	classes = {
	};
	objectVersion = 46;
	objects = {

/* Begin PBXBuildFile section */
		84DE765F5B484136A47281D2 /* libPods.a in Frameworks */ = {isa = PBXBuildFile; fileRef = CE63772FF7C54DF5B88E07D2 /* libPods.a */; };
		8601299A1972886A0053C71D /* UITableViewCell+HelperMethods.m in Sources */ = {isa = PBXBuildFile; fileRef = 860129991972886A0053C71D /* UITableViewCell+HelperMethods.m */; };
		8601299E197297280053C71D /* ALAssetsLibrary+HelperMethods.m in Sources */ = {isa = PBXBuildFile; fileRef = 8601299D197297280053C71D /* ALAssetsLibrary+HelperMethods.m */; };
		863B0EAE1984237F00AAF919 /* ModelObject.m in Sources */ = {isa = PBXBuildFile; fileRef = 863B0EAD1984237F00AAF919 /* ModelObject.m */; };
		86405D681987D0D300136C9C /* VideoEditor.m in Sources */ = {isa = PBXBuildFile; fileRef = 86405D671987D0D300136C9C /* VideoEditor.m */; };
		86405D6B1987E1CC00136C9C /* LoadingView.m in Sources */ = {isa = PBXBuildFile; fileRef = 86405D6A1987E1CC00136C9C /* LoadingView.m */; };
		865304BD197FD97D00EEE9E0 /* ProgressPickerButton.m in Sources */ = {isa = PBXBuildFile; fileRef = 865304BC197FD97D00EEE9E0 /* ProgressPickerButton.m */; };
		8658D0FD197302FB00A2B36C /* SnapshotTableViewCell.m in Sources */ = {isa = PBXBuildFile; fileRef = 8658D0FC197302FB00A2B36C /* SnapshotTableViewCell.m */; };
		8658D100197317A000A2B36C /* ImageViewWithSnapshot.m in Sources */ = {isa = PBXBuildFile; fileRef = 8658D0FF197317A000A2B36C /* ImageViewWithSnapshot.m */; };
		865E4D461982737A0000CC30 /* Constants.m in Sources */ = {isa = PBXBuildFile; fileRef = 865E4D451982737A0000CC30 /* Constants.m */; };
		8676880A198525D5005679ED /* SnapshotImage.m in Sources */ = {isa = PBXBuildFile; fileRef = 86768809198525D5005679ED /* SnapshotImage.m */; };
		86768810198526FA005679ED /* Snapshot.m in Sources */ = {isa = PBXBuildFile; fileRef = 8676880F198526FA005679ED /* Snapshot.m */; };
		8676881419852FAF005679ED /* SnapshotVideo.m in Sources */ = {isa = PBXBuildFile; fileRef = 8676881319852FAF005679ED /* SnapshotVideo.m */; };
		8685E3B4196F595E00A97585 /* Move.m in Sources */ = {isa = PBXBuildFile; fileRef = 8685E3B3196F595E00A97585 /* Move.m */; };
		8685E3B7196F5B0900A97585 /* MoveTableViewCell.m in Sources */ = {isa = PBXBuildFile; fileRef = 8685E3B6196F5B0900A97585 /* MoveTableViewCell.m */; };
		8685E3BB196F60E200A97585 /* SnapshotsTableViewController.m in Sources */ = {isa = PBXBuildFile; fileRef = 8685E3BA196F60E200A97585 /* SnapshotsTableViewController.m */; };
		8685E3BE196F6A9200A97585 /* AddSnapshotTableViewController.m in Sources */ = {isa = PBXBuildFile; fileRef = 8685E3BD196F6A9200A97585 /* AddSnapshotTableViewController.m */; };
		86A3F26319712D7900E389A1 /* ArrayDataSource.m in Sources */ = {isa = PBXBuildFile; fileRef = 86A3F26219712D7900E389A1 /* ArrayDataSource.m */; };
		86A3F2671971578900E389A1 /* Repository.m in Sources */ = {isa = PBXBuildFile; fileRef = 86A3F2661971578900E389A1 /* Repository.m */; };
		86A50456198917AD00E3FC8A /* JTSTextView.m in Sources */ = {isa = PBXBuildFile; fileRef = 86A50455198917AD00E3FC8A /* JTSTextView.m */; };
		86A5045B1989294800E3FC8A /* ShowSnapshotViewController.m in Sources */ = {isa = PBXBuildFile; fileRef = 86A5045A1989294800E3FC8A /* ShowSnapshotViewController.m */; };
		86CE5B36199767DC00D34095 /* LPBlockActionSheet.m in Sources */ = {isa = PBXBuildFile; fileRef = 86CE5B35199767DC00D34095 /* LPBlockActionSheet.m */; };
		86ED30B4196F0F0F00FC738B /* Foundation.framework in Frameworks */ = {isa = PBXBuildFile; fileRef = 86ED30B3196F0F0F00FC738B /* Foundation.framework */; };
		86ED30B6196F0F0F00FC738B /* CoreGraphics.framework in Frameworks */ = {isa = PBXBuildFile; fileRef = 86ED30B5196F0F0F00FC738B /* CoreGraphics.framework */; };
		86ED30B8196F0F0F00FC738B /* UIKit.framework in Frameworks */ = {isa = PBXBuildFile; fileRef = 86ED30B7196F0F0F00FC738B /* UIKit.framework */; };
		86ED30BA196F0F0F00FC738B /* CoreData.framework in Frameworks */ = {isa = PBXBuildFile; fileRef = 86ED30B9196F0F0F00FC738B /* CoreData.framework */; };
		86ED30C0196F0F0F00FC738B /* InfoPlist.strings in Resources */ = {isa = PBXBuildFile; fileRef = 86ED30BE196F0F0F00FC738B /* InfoPlist.strings */; };
		86ED30C2196F0F0F00FC738B /* main.m in Sources */ = {isa = PBXBuildFile; fileRef = 86ED30C1196F0F0F00FC738B /* main.m */; };
		86ED30C6196F0F0F00FC738B /* AppDelegate.m in Sources */ = {isa = PBXBuildFile; fileRef = 86ED30C5196F0F0F00FC738B /* AppDelegate.m */; };
		86ED30C9196F0F0F00FC738B /* TenMoves.xcdatamodeld in Sources */ = {isa = PBXBuildFile; fileRef = 86ED30C7196F0F0F00FC738B /* TenMoves.xcdatamodeld */; };
		86ED30CB196F0F0F00FC738B /* Images.xcassets in Resources */ = {isa = PBXBuildFile; fileRef = 86ED30CA196F0F0F00FC738B /* Images.xcassets */; };
		86ED30D2196F0F0F00FC738B /* XCTest.framework in Frameworks */ = {isa = PBXBuildFile; fileRef = 86ED30D1196F0F0F00FC738B /* XCTest.framework */; };
		86ED30D3196F0F0F00FC738B /* Foundation.framework in Frameworks */ = {isa = PBXBuildFile; fileRef = 86ED30B3196F0F0F00FC738B /* Foundation.framework */; };
		86ED30D4196F0F0F00FC738B /* UIKit.framework in Frameworks */ = {isa = PBXBuildFile; fileRef = 86ED30B7196F0F0F00FC738B /* UIKit.framework */; };
		86ED30D5196F0F0F00FC738B /* CoreData.framework in Frameworks */ = {isa = PBXBuildFile; fileRef = 86ED30B9196F0F0F00FC738B /* CoreData.framework */; };
		86ED30DD196F0F1000FC738B /* InfoPlist.strings in Resources */ = {isa = PBXBuildFile; fileRef = 86ED30DB196F0F1000FC738B /* InfoPlist.strings */; };
		86ED30DF196F0F1000FC738B /* TenMovesTests.m in Sources */ = {isa = PBXBuildFile; fileRef = 86ED30DE196F0F1000FC738B /* TenMovesTests.m */; };
		86ED30EC196F114D00FC738B /* MainStoryboard.storyboard in Resources */ = {isa = PBXBuildFile; fileRef = 86ED30EB196F114D00FC738B /* MainStoryboard.storyboard */; };
		86ED30EF196F120700FC738B /* MovesTableViewController.m in Sources */ = {isa = PBXBuildFile; fileRef = 86ED30EE196F120700FC738B /* MovesTableViewController.m */; };
		86ED30F2196F193200FC738B /* AddMoveTableViewController.m in Sources */ = {isa = PBXBuildFile; fileRef = 86ED30F1196F193200FC738B /* AddMoveTableViewController.m */; };
/* End PBXBuildFile section */

/* Begin PBXContainerItemProxy section */
		86ED30D6196F0F1000FC738B /* PBXContainerItemProxy */ = {
			isa = PBXContainerItemProxy;
			containerPortal = 86ED30A8196F0F0F00FC738B /* Project object */;
			proxyType = 1;
			remoteGlobalIDString = 86ED30AF196F0F0F00FC738B;
			remoteInfo = TenMoves;
		};
/* End PBXContainerItemProxy section */

/* Begin PBXFileReference section */
		4816D04F5138490DBFCB6865 /* Pods.xcconfig */ = {isa = PBXFileReference; includeInIndex = 1; lastKnownFileType = text.xcconfig; name = Pods.xcconfig; path = Pods/Pods.xcconfig; sourceTree = "<group>"; };
		860129981972886A0053C71D /* UITableViewCell+HelperMethods.h */ = {isa = PBXFileReference; fileEncoding = 4; lastKnownFileType = sourcecode.c.h; path = "UITableViewCell+HelperMethods.h"; sourceTree = "<group>"; };
		860129991972886A0053C71D /* UITableViewCell+HelperMethods.m */ = {isa = PBXFileReference; fileEncoding = 4; lastKnownFileType = sourcecode.c.objc; path = "UITableViewCell+HelperMethods.m"; sourceTree = "<group>"; };
		8601299C197297280053C71D /* ALAssetsLibrary+HelperMethods.h */ = {isa = PBXFileReference; fileEncoding = 4; lastKnownFileType = sourcecode.c.h; path = "ALAssetsLibrary+HelperMethods.h"; sourceTree = "<group>"; };
		8601299D197297280053C71D /* ALAssetsLibrary+HelperMethods.m */ = {isa = PBXFileReference; fileEncoding = 4; lastKnownFileType = sourcecode.c.objc; path = "ALAssetsLibrary+HelperMethods.m"; sourceTree = "<group>"; };
		8631D7401983E6680030195A /* TenMoves.entitlements */ = {isa = PBXFileReference; lastKnownFileType = text.xml; path = TenMoves.entitlements; sourceTree = "<group>"; };
		863B0EAC1984237F00AAF919 /* ModelObject.h */ = {isa = PBXFileReference; fileEncoding = 4; lastKnownFileType = sourcecode.c.h; path = ModelObject.h; sourceTree = "<group>"; };
		863B0EAD1984237F00AAF919 /* ModelObject.m */ = {isa = PBXFileReference; fileEncoding = 4; lastKnownFileType = sourcecode.c.objc; path = ModelObject.m; sourceTree = "<group>"; };
		863B0EB0198426E500AAF919 /* TenMoves 3.xcdatamodel */ = {isa = PBXFileReference; lastKnownFileType = wrapper.xcdatamodel; path = "TenMoves 3.xcdatamodel"; sourceTree = "<group>"; };
		86405D661987D0D300136C9C /* VideoEditor.h */ = {isa = PBXFileReference; fileEncoding = 4; lastKnownFileType = sourcecode.c.h; path = VideoEditor.h; sourceTree = "<group>"; };
		86405D671987D0D300136C9C /* VideoEditor.m */ = {isa = PBXFileReference; fileEncoding = 4; lastKnownFileType = sourcecode.c.objc; path = VideoEditor.m; sourceTree = "<group>"; };
		86405D691987E1CC00136C9C /* LoadingView.h */ = {isa = PBXFileReference; fileEncoding = 4; lastKnownFileType = sourcecode.c.h; path = LoadingView.h; sourceTree = "<group>"; };
		86405D6A1987E1CC00136C9C /* LoadingView.m */ = {isa = PBXFileReference; fileEncoding = 4; lastKnownFileType = sourcecode.c.objc; path = LoadingView.m; sourceTree = "<group>"; };
		865304BB197FD97D00EEE9E0 /* ProgressPickerButton.h */ = {isa = PBXFileReference; fileEncoding = 4; lastKnownFileType = sourcecode.c.h; path = ProgressPickerButton.h; sourceTree = "<group>"; };
		865304BC197FD97D00EEE9E0 /* ProgressPickerButton.m */ = {isa = PBXFileReference; fileEncoding = 4; lastKnownFileType = sourcecode.c.objc; path = ProgressPickerButton.m; sourceTree = "<group>"; };
		8658D0FB197302FB00A2B36C /* SnapshotTableViewCell.h */ = {isa = PBXFileReference; fileEncoding = 4; lastKnownFileType = sourcecode.c.h; path = SnapshotTableViewCell.h; sourceTree = "<group>"; };
		8658D0FC197302FB00A2B36C /* SnapshotTableViewCell.m */ = {isa = PBXFileReference; fileEncoding = 4; lastKnownFileType = sourcecode.c.objc; path = SnapshotTableViewCell.m; sourceTree = "<group>"; };
		8658D0FE197317A000A2B36C /* ImageViewWithSnapshot.h */ = {isa = PBXFileReference; fileEncoding = 4; lastKnownFileType = sourcecode.c.h; path = ImageViewWithSnapshot.h; sourceTree = "<group>"; };
		8658D0FF197317A000A2B36C /* ImageViewWithSnapshot.m */ = {isa = PBXFileReference; fileEncoding = 4; lastKnownFileType = sourcecode.c.objc; path = ImageViewWithSnapshot.m; sourceTree = "<group>"; };
		865E4D43198265FB0000CC30 /* TenMoves 2.xcdatamodel */ = {isa = PBXFileReference; lastKnownFileType = wrapper.xcdatamodel; path = "TenMoves 2.xcdatamodel"; sourceTree = "<group>"; };
		865E4D441982737A0000CC30 /* Constants.h */ = {isa = PBXFileReference; fileEncoding = 4; lastKnownFileType = sourcecode.c.h; path = Constants.h; sourceTree = "<group>"; };
		865E4D451982737A0000CC30 /* Constants.m */ = {isa = PBXFileReference; fileEncoding = 4; lastKnownFileType = sourcecode.c.objc; path = Constants.m; sourceTree = "<group>"; };
		866A0B6419842BD300FF11A6 /* TenMoves 4.xcdatamodel */ = {isa = PBXFileReference; lastKnownFileType = wrapper.xcdatamodel; path = "TenMoves 4.xcdatamodel"; sourceTree = "<group>"; };
		8671A8B7197181CA00C7C0F6 /* MediaPlayer.framework */ = {isa = PBXFileReference; lastKnownFileType = wrapper.framework; name = MediaPlayer.framework; path = System/Library/Frameworks/MediaPlayer.framework; sourceTree = SDKROOT; };
		867688071985173E005679ED /* TenMoves 6.xcdatamodel */ = {isa = PBXFileReference; lastKnownFileType = wrapper.xcdatamodel; path = "TenMoves 6.xcdatamodel"; sourceTree = "<group>"; };
		86768808198525D5005679ED /* SnapshotImage.h */ = {isa = PBXFileReference; fileEncoding = 4; lastKnownFileType = sourcecode.c.h; path = SnapshotImage.h; sourceTree = "<group>"; };
		86768809198525D5005679ED /* SnapshotImage.m */ = {isa = PBXFileReference; fileEncoding = 4; lastKnownFileType = sourcecode.c.objc; path = SnapshotImage.m; sourceTree = "<group>"; };
		8676880E198526FA005679ED /* Snapshot.h */ = {isa = PBXFileReference; fileEncoding = 4; lastKnownFileType = sourcecode.c.h; path = Snapshot.h; sourceTree = "<group>"; };
		8676880F198526FA005679ED /* Snapshot.m */ = {isa = PBXFileReference; fileEncoding = 4; lastKnownFileType = sourcecode.c.objc; path = Snapshot.m; sourceTree = "<group>"; };
		8676881119852F52005679ED /* TenMoves 7.xcdatamodel */ = {isa = PBXFileReference; lastKnownFileType = wrapper.xcdatamodel; path = "TenMoves 7.xcdatamodel"; sourceTree = "<group>"; };
		8676881219852FAF005679ED /* SnapshotVideo.h */ = {isa = PBXFileReference; fileEncoding = 4; lastKnownFileType = sourcecode.c.h; path = SnapshotVideo.h; sourceTree = "<group>"; };
		8676881319852FAF005679ED /* SnapshotVideo.m */ = {isa = PBXFileReference; fileEncoding = 4; lastKnownFileType = sourcecode.c.objc; path = SnapshotVideo.m; sourceTree = "<group>"; };
		8679AFEE19804E9300052C30 /* ArrayDataSourceDelegate.h */ = {isa = PBXFileReference; fileEncoding = 4; lastKnownFileType = sourcecode.c.h; path = ArrayDataSourceDelegate.h; sourceTree = "<group>"; };
		8679AFF019804EE500052C30 /* AddMoveTableViewControllerDelegate.h */ = {isa = PBXFileReference; fileEncoding = 4; lastKnownFileType = sourcecode.c.h; path = AddMoveTableViewControllerDelegate.h; sourceTree = "<group>"; };
		8679AFF119804F3000052C30 /* AddSnapshotTableViewControllerDelegate.h */ = {isa = PBXFileReference; fileEncoding = 4; lastKnownFileType = sourcecode.c.h; path = AddSnapshotTableViewControllerDelegate.h; sourceTree = "<group>"; };
		8685E3B2196F595E00A97585 /* Move.h */ = {isa = PBXFileReference; fileEncoding = 4; lastKnownFileType = sourcecode.c.h; path = Move.h; sourceTree = "<group>"; };
		8685E3B3196F595E00A97585 /* Move.m */ = {isa = PBXFileReference; fileEncoding = 4; lastKnownFileType = sourcecode.c.objc; path = Move.m; sourceTree = "<group>"; };
		8685E3B5196F5B0900A97585 /* MoveTableViewCell.h */ = {isa = PBXFileReference; fileEncoding = 4; lastKnownFileType = sourcecode.c.h; path = MoveTableViewCell.h; sourceTree = "<group>"; };
		8685E3B6196F5B0900A97585 /* MoveTableViewCell.m */ = {isa = PBXFileReference; fileEncoding = 4; lastKnownFileType = sourcecode.c.objc; path = MoveTableViewCell.m; sourceTree = "<group>"; };
		8685E3B9196F60E200A97585 /* SnapshotsTableViewController.h */ = {isa = PBXFileReference; fileEncoding = 4; lastKnownFileType = sourcecode.c.h; path = SnapshotsTableViewController.h; sourceTree = "<group>"; };
		8685E3BA196F60E200A97585 /* SnapshotsTableViewController.m */ = {isa = PBXFileReference; fileEncoding = 4; lastKnownFileType = sourcecode.c.objc; path = SnapshotsTableViewController.m; sourceTree = "<group>"; };
		8685E3BC196F6A9200A97585 /* AddSnapshotTableViewController.h */ = {isa = PBXFileReference; fileEncoding = 4; lastKnownFileType = sourcecode.c.h; path = AddSnapshotTableViewController.h; sourceTree = "<group>"; };
		8685E3BD196F6A9200A97585 /* AddSnapshotTableViewController.m */ = {isa = PBXFileReference; fileEncoding = 4; lastKnownFileType = sourcecode.c.objc; path = AddSnapshotTableViewController.m; sourceTree = "<group>"; };
		86A3F26119712D7900E389A1 /* ArrayDataSource.h */ = {isa = PBXFileReference; fileEncoding = 4; lastKnownFileType = sourcecode.c.h; path = ArrayDataSource.h; sourceTree = "<group>"; };
		86A3F26219712D7900E389A1 /* ArrayDataSource.m */ = {isa = PBXFileReference; fileEncoding = 4; lastKnownFileType = sourcecode.c.objc; path = ArrayDataSource.m; sourceTree = "<group>"; };
		86A3F2651971578900E389A1 /* Repository.h */ = {isa = PBXFileReference; fileEncoding = 4; lastKnownFileType = sourcecode.c.h; path = Repository.h; sourceTree = "<group>"; };
		86A3F2661971578900E389A1 /* Repository.m */ = {isa = PBXFileReference; fileEncoding = 4; lastKnownFileType = sourcecode.c.objc; path = Repository.m; sourceTree = "<group>"; };
		86A50454198917AD00E3FC8A /* JTSTextView.h */ = {isa = PBXFileReference; fileEncoding = 4; lastKnownFileType = sourcecode.c.h; path = JTSTextView.h; sourceTree = "<group>"; };
		86A50455198917AD00E3FC8A /* JTSTextView.m */ = {isa = PBXFileReference; fileEncoding = 4; lastKnownFileType = sourcecode.c.objc; path = JTSTextView.m; sourceTree = "<group>"; };
		86A504581989276D00E3FC8A /* TenMoves 8.xcdatamodel */ = {isa = PBXFileReference; lastKnownFileType = wrapper.xcdatamodel; path = "TenMoves 8.xcdatamodel"; sourceTree = "<group>"; };
		86A504591989294800E3FC8A /* ShowSnapshotViewController.h */ = {isa = PBXFileReference; fileEncoding = 4; lastKnownFileType = sourcecode.c.h; path = ShowSnapshotViewController.h; sourceTree = "<group>"; };
		86A5045A1989294800E3FC8A /* ShowSnapshotViewController.m */ = {isa = PBXFileReference; fileEncoding = 4; lastKnownFileType = sourcecode.c.objc; path = ShowSnapshotViewController.m; sourceTree = "<group>"; };
		86CE5B34199767DC00D34095 /* LPBlockActionSheet.h */ = {isa = PBXFileReference; fileEncoding = 4; lastKnownFileType = sourcecode.c.h; name = LPBlockActionSheet.h; path = ../LPBlockActionSheet.h; sourceTree = "<group>"; };
		86CE5B35199767DC00D34095 /* LPBlockActionSheet.m */ = {isa = PBXFileReference; fileEncoding = 4; lastKnownFileType = sourcecode.c.objc; name = LPBlockActionSheet.m; path = ../LPBlockActionSheet.m; sourceTree = "<group>"; };
		86EA19C119846F8F007B4813 /* ImageViewWithSnapshotDelegate.h */ = {isa = PBXFileReference; fileEncoding = 4; lastKnownFileType = sourcecode.c.h; path = ImageViewWithSnapshotDelegate.h; sourceTree = "<group>"; };
		86EA19C2198475FC007B4813 /* TenMoves 5.xcdatamodel */ = {isa = PBXFileReference; lastKnownFileType = wrapper.xcdatamodel; path = "TenMoves 5.xcdatamodel"; sourceTree = "<group>"; };
		86ED30B0196F0F0F00FC738B /* TenMoves.app */ = {isa = PBXFileReference; explicitFileType = wrapper.application; includeInIndex = 0; path = TenMoves.app; sourceTree = BUILT_PRODUCTS_DIR; };
		86ED30B3196F0F0F00FC738B /* Foundation.framework */ = {isa = PBXFileReference; lastKnownFileType = wrapper.framework; name = Foundation.framework; path = System/Library/Frameworks/Foundation.framework; sourceTree = SDKROOT; };
		86ED30B5196F0F0F00FC738B /* CoreGraphics.framework */ = {isa = PBXFileReference; lastKnownFileType = wrapper.framework; name = CoreGraphics.framework; path = System/Library/Frameworks/CoreGraphics.framework; sourceTree = SDKROOT; };
		86ED30B7196F0F0F00FC738B /* UIKit.framework */ = {isa = PBXFileReference; lastKnownFileType = wrapper.framework; name = UIKit.framework; path = System/Library/Frameworks/UIKit.framework; sourceTree = SDKROOT; };
		86ED30B9196F0F0F00FC738B /* CoreData.framework */ = {isa = PBXFileReference; lastKnownFileType = wrapper.framework; name = CoreData.framework; path = System/Library/Frameworks/CoreData.framework; sourceTree = SDKROOT; };
		86ED30BD196F0F0F00FC738B /* TenMoves-Info.plist */ = {isa = PBXFileReference; lastKnownFileType = text.plist.xml; path = "TenMoves-Info.plist"; sourceTree = "<group>"; };
		86ED30BF196F0F0F00FC738B /* en */ = {isa = PBXFileReference; lastKnownFileType = text.plist.strings; name = en; path = en.lproj/InfoPlist.strings; sourceTree = "<group>"; };
		86ED30C1196F0F0F00FC738B /* main.m */ = {isa = PBXFileReference; lastKnownFileType = sourcecode.c.objc; path = main.m; sourceTree = "<group>"; };
		86ED30C3196F0F0F00FC738B /* TenMoves-Prefix.pch */ = {isa = PBXFileReference; lastKnownFileType = sourcecode.c.h; path = "TenMoves-Prefix.pch"; sourceTree = "<group>"; };
		86ED30C4196F0F0F00FC738B /* AppDelegate.h */ = {isa = PBXFileReference; lastKnownFileType = sourcecode.c.h; path = AppDelegate.h; sourceTree = "<group>"; };
		86ED30C5196F0F0F00FC738B /* AppDelegate.m */ = {isa = PBXFileReference; lastKnownFileType = sourcecode.c.objc; path = AppDelegate.m; sourceTree = "<group>"; };
		86ED30C8196F0F0F00FC738B /* TenMoves.xcdatamodel */ = {isa = PBXFileReference; lastKnownFileType = wrapper.xcdatamodel; path = TenMoves.xcdatamodel; sourceTree = "<group>"; };
		86ED30CA196F0F0F00FC738B /* Images.xcassets */ = {isa = PBXFileReference; lastKnownFileType = folder.assetcatalog; path = Images.xcassets; sourceTree = "<group>"; };
		86ED30D0196F0F0F00FC738B /* TenMovesTests.xctest */ = {isa = PBXFileReference; explicitFileType = wrapper.cfbundle; includeInIndex = 0; path = TenMovesTests.xctest; sourceTree = BUILT_PRODUCTS_DIR; };
		86ED30D1196F0F0F00FC738B /* XCTest.framework */ = {isa = PBXFileReference; lastKnownFileType = wrapper.framework; name = XCTest.framework; path = Library/Frameworks/XCTest.framework; sourceTree = DEVELOPER_DIR; };
		86ED30DA196F0F1000FC738B /* TenMovesTests-Info.plist */ = {isa = PBXFileReference; lastKnownFileType = text.plist.xml; path = "TenMovesTests-Info.plist"; sourceTree = "<group>"; };
		86ED30DC196F0F1000FC738B /* en */ = {isa = PBXFileReference; lastKnownFileType = text.plist.strings; name = en; path = en.lproj/InfoPlist.strings; sourceTree = "<group>"; };
		86ED30DE196F0F1000FC738B /* TenMovesTests.m */ = {isa = PBXFileReference; lastKnownFileType = sourcecode.c.objc; path = TenMovesTests.m; sourceTree = "<group>"; };
		86ED30EB196F114D00FC738B /* MainStoryboard.storyboard */ = {isa = PBXFileReference; fileEncoding = 4; lastKnownFileType = file.storyboard; path = MainStoryboard.storyboard; sourceTree = "<group>"; };
		86ED30ED196F120700FC738B /* MovesTableViewController.h */ = {isa = PBXFileReference; fileEncoding = 4; lastKnownFileType = sourcecode.c.h; path = MovesTableViewController.h; sourceTree = "<group>"; };
		86ED30EE196F120700FC738B /* MovesTableViewController.m */ = {isa = PBXFileReference; fileEncoding = 4; lastKnownFileType = sourcecode.c.objc; path = MovesTableViewController.m; sourceTree = "<group>"; };
		86ED30F0196F193200FC738B /* AddMoveTableViewController.h */ = {isa = PBXFileReference; fileEncoding = 4; lastKnownFileType = sourcecode.c.h; path = AddMoveTableViewController.h; sourceTree = "<group>"; };
		86ED30F1196F193200FC738B /* AddMoveTableViewController.m */ = {isa = PBXFileReference; fileEncoding = 4; lastKnownFileType = sourcecode.c.objc; path = AddMoveTableViewController.m; sourceTree = "<group>"; };
		CE63772FF7C54DF5B88E07D2 /* libPods.a */ = {isa = PBXFileReference; explicitFileType = archive.ar; includeInIndex = 0; path = libPods.a; sourceTree = BUILT_PRODUCTS_DIR; };
/* End PBXFileReference section */

/* Begin PBXFrameworksBuildPhase section */
		86ED30AD196F0F0F00FC738B /* Frameworks */ = {
			isa = PBXFrameworksBuildPhase;
			buildActionMask = 2147483647;
			files = (
				86ED30B6196F0F0F00FC738B /* CoreGraphics.framework in Frameworks */,
				86ED30BA196F0F0F00FC738B /* CoreData.framework in Frameworks */,
				86ED30B8196F0F0F00FC738B /* UIKit.framework in Frameworks */,
				86ED30B4196F0F0F00FC738B /* Foundation.framework in Frameworks */,
				84DE765F5B484136A47281D2 /* libPods.a in Frameworks */,
			);
			runOnlyForDeploymentPostprocessing = 0;
		};
		86ED30CD196F0F0F00FC738B /* Frameworks */ = {
			isa = PBXFrameworksBuildPhase;
			buildActionMask = 2147483647;
			files = (
				86ED30D2196F0F0F00FC738B /* XCTest.framework in Frameworks */,
				86ED30D5196F0F0F00FC738B /* CoreData.framework in Frameworks */,
				86ED30D4196F0F0F00FC738B /* UIKit.framework in Frameworks */,
				86ED30D3196F0F0F00FC738B /* Foundation.framework in Frameworks */,
			);
			runOnlyForDeploymentPostprocessing = 0;
		};
/* End PBXFrameworksBuildPhase section */

/* Begin PBXGroup section */
		8601299B19728FC90053C71D /* Categories */ = {
			isa = PBXGroup;
			children = (
				8601299C197297280053C71D /* ALAssetsLibrary+HelperMethods.h */,
				8601299D197297280053C71D /* ALAssetsLibrary+HelperMethods.m */,
				860129981972886A0053C71D /* UITableViewCell+HelperMethods.h */,
				860129991972886A0053C71D /* UITableViewCell+HelperMethods.m */,
			);
			name = Categories;
			sourceTree = "<group>";
		};
		863B0EAB1984227800AAF919 /* Services */ = {
			isa = PBXGroup;
			children = (
				86CE5B34199767DC00D34095 /* LPBlockActionSheet.h */,
				86CE5B35199767DC00D34095 /* LPBlockActionSheet.m */,
				86405D661987D0D300136C9C /* VideoEditor.h */,
				86405D671987D0D300136C9C /* VideoEditor.m */,
				86A3F2651971578900E389A1 /* Repository.h */,
				86A3F2661971578900E389A1 /* Repository.m */,
			);
			name = Services;
			sourceTree = "<group>";
		};
		8679AFEF19804E9C00052C30 /* Protocols */ = {
			isa = PBXGroup;
			children = (
				86EA19C119846F8F007B4813 /* ImageViewWithSnapshotDelegate.h */,
				8679AFF019804EE500052C30 /* AddMoveTableViewControllerDelegate.h */,
				8679AFF119804F3000052C30 /* AddSnapshotTableViewControllerDelegate.h */,
				8679AFEE19804E9300052C30 /* ArrayDataSourceDelegate.h */,
			);
			name = Protocols;
			sourceTree = "<group>";
		};
		8685E3B8196F5B0E00A97585 /* CustomViews */ = {
			isa = PBXGroup;
			children = (
				86405D691987E1CC00136C9C /* LoadingView.h */,
				86405D6A1987E1CC00136C9C /* LoadingView.m */,
				865304BB197FD97D00EEE9E0 /* ProgressPickerButton.h */,
				865304BC197FD97D00EEE9E0 /* ProgressPickerButton.m */,
				8658D0FE197317A000A2B36C /* ImageViewWithSnapshot.h */,
				8658D0FF197317A000A2B36C /* ImageViewWithSnapshot.m */,
				8658D0FB197302FB00A2B36C /* SnapshotTableViewCell.h */,
				8658D0FC197302FB00A2B36C /* SnapshotTableViewCell.m */,
				8685E3B5196F5B0900A97585 /* MoveTableViewCell.h */,
				8685E3B6196F5B0900A97585 /* MoveTableViewCell.m */,
			);
			name = CustomViews;
			sourceTree = "<group>";
		};
		86A3F26419712D7D00E389A1 /* DataSources */ = {
			isa = PBXGroup;
			children = (
				86A3F26119712D7900E389A1 /* ArrayDataSource.h */,
				86A3F26219712D7900E389A1 /* ArrayDataSource.m */,
			);
			name = DataSources;
			sourceTree = "<group>";
		};
		86A50457198917B500E3FC8A /* Vendor */ = {
			isa = PBXGroup;
			children = (
				86A50454198917AD00E3FC8A /* JTSTextView.h */,
				86A50455198917AD00E3FC8A /* JTSTextView.m */,
			);
			name = Vendor;
			sourceTree = "<group>";
		};
		86D1380F1981B87700B32FC2 /* AppDelegate */ = {
			isa = PBXGroup;
			children = (
				86ED30C4196F0F0F00FC738B /* AppDelegate.h */,
				86ED30C5196F0F0F00FC738B /* AppDelegate.m */,
			);
			name = AppDelegate;
			sourceTree = "<group>";
		};
		86D138101981B88400B32FC2 /* Resources */ = {
			isa = PBXGroup;
			children = (
				86ED30CA196F0F0F00FC738B /* Images.xcassets */,
				8631D7401983E6680030195A /* TenMoves.entitlements */,
				86ED30C7196F0F0F00FC738B /* TenMoves.xcdatamodeld */,
				86ED30EB196F114D00FC738B /* MainStoryboard.storyboard */,
			);
			name = Resources;
			sourceTree = "<group>";
		};
		86ED30A7196F0F0F00FC738B = {
			isa = PBXGroup;
			children = (
				86ED30BB196F0F0F00FC738B /* TenMoves */,
				86ED30D8196F0F1000FC738B /* TenMovesTests */,
				86ED30B2196F0F0F00FC738B /* Frameworks */,
				86ED30B1196F0F0F00FC738B /* Products */,
				4816D04F5138490DBFCB6865 /* Pods.xcconfig */,
			);
			sourceTree = "<group>";
		};
		86ED30B1196F0F0F00FC738B /* Products */ = {
			isa = PBXGroup;
			children = (
				86ED30B0196F0F0F00FC738B /* TenMoves.app */,
				86ED30D0196F0F0F00FC738B /* TenMovesTests.xctest */,
			);
			name = Products;
			sourceTree = "<group>";
		};
		86ED30B2196F0F0F00FC738B /* Frameworks */ = {
			isa = PBXGroup;
			children = (
				8671A8B7197181CA00C7C0F6 /* MediaPlayer.framework */,
				86ED30B3196F0F0F00FC738B /* Foundation.framework */,
				86ED30B5196F0F0F00FC738B /* CoreGraphics.framework */,
				86ED30B7196F0F0F00FC738B /* UIKit.framework */,
				86ED30B9196F0F0F00FC738B /* CoreData.framework */,
				86ED30D1196F0F0F00FC738B /* XCTest.framework */,
				CE63772FF7C54DF5B88E07D2 /* libPods.a */,
			);
			name = Frameworks;
			sourceTree = "<group>";
		};
		86ED30BB196F0F0F00FC738B /* TenMoves */ = {
			isa = PBXGroup;
			children = (
				865E4D441982737A0000CC30 /* Constants.h */,
				865E4D451982737A0000CC30 /* Constants.m */,
				86A50457198917B500E3FC8A /* Vendor */,
				863B0EAB1984227800AAF919 /* Services */,
				8679AFEF19804E9C00052C30 /* Protocols */,
				8601299B19728FC90053C71D /* Categories */,
				86A3F26419712D7D00E389A1 /* DataSources */,
				8685E3B8196F5B0E00A97585 /* CustomViews */,
				86EE8D95196F503200EE4DCF /* ViewControllers */,
				86EE8D96196F504200EE4DCF /* Models */,
				86D138101981B88400B32FC2 /* Resources */,
				86D1380F1981B87700B32FC2 /* AppDelegate */,
				86ED30BC196F0F0F00FC738B /* Supporting Files */,
			);
			path = TenMoves;
			sourceTree = "<group>";
		};
		86ED30BC196F0F0F00FC738B /* Supporting Files */ = {
			isa = PBXGroup;
			children = (
				86ED30BD196F0F0F00FC738B /* TenMoves-Info.plist */,
				86ED30BE196F0F0F00FC738B /* InfoPlist.strings */,
				86ED30C1196F0F0F00FC738B /* main.m */,
				86ED30C3196F0F0F00FC738B /* TenMoves-Prefix.pch */,
			);
			name = "Supporting Files";
			sourceTree = "<group>";
		};
		86ED30D8196F0F1000FC738B /* TenMovesTests */ = {
			isa = PBXGroup;
			children = (
				86ED30DE196F0F1000FC738B /* TenMovesTests.m */,
				86ED30D9196F0F1000FC738B /* Supporting Files */,
			);
			path = TenMovesTests;
			sourceTree = "<group>";
		};
		86ED30D9196F0F1000FC738B /* Supporting Files */ = {
			isa = PBXGroup;
			children = (
				86ED30DA196F0F1000FC738B /* TenMovesTests-Info.plist */,
				86ED30DB196F0F1000FC738B /* InfoPlist.strings */,
			);
			name = "Supporting Files";
			sourceTree = "<group>";
		};
		86EE8D95196F503200EE4DCF /* ViewControllers */ = {
			isa = PBXGroup;
			children = (
				86A504591989294800E3FC8A /* ShowSnapshotViewController.h */,
				86A5045A1989294800E3FC8A /* ShowSnapshotViewController.m */,
				8685E3BC196F6A9200A97585 /* AddSnapshotTableViewController.h */,
				8685E3BD196F6A9200A97585 /* AddSnapshotTableViewController.m */,
				86ED30F0196F193200FC738B /* AddMoveTableViewController.h */,
				86ED30F1196F193200FC738B /* AddMoveTableViewController.m */,
				86ED30ED196F120700FC738B /* MovesTableViewController.h */,
				86ED30EE196F120700FC738B /* MovesTableViewController.m */,
				8685E3B9196F60E200A97585 /* SnapshotsTableViewController.h */,
				8685E3BA196F60E200A97585 /* SnapshotsTableViewController.m */,
			);
			name = ViewControllers;
			sourceTree = "<group>";
		};
		86EE8D96196F504200EE4DCF /* Models */ = {
			isa = PBXGroup;
			children = (
				8676881219852FAF005679ED /* SnapshotVideo.h */,
				8676881319852FAF005679ED /* SnapshotVideo.m */,
				8676880E198526FA005679ED /* Snapshot.h */,
				8676880F198526FA005679ED /* Snapshot.m */,
				86768808198525D5005679ED /* SnapshotImage.h */,
				86768809198525D5005679ED /* SnapshotImage.m */,
				863B0EAC1984237F00AAF919 /* ModelObject.h */,
				863B0EAD1984237F00AAF919 /* ModelObject.m */,
				8685E3B2196F595E00A97585 /* Move.h */,
				8685E3B3196F595E00A97585 /* Move.m */,
			);
			name = Models;
			sourceTree = "<group>";
		};
/* End PBXGroup section */

/* Begin PBXNativeTarget section */
		86ED30AF196F0F0F00FC738B /* TenMoves */ = {
			isa = PBXNativeTarget;
			buildConfigurationList = 86ED30E2196F0F1000FC738B /* Build configuration list for PBXNativeTarget "TenMoves" */;
			buildPhases = (
				77CC8A84294B4065BD57785E /* Check Pods Manifest.lock */,
				86ED30AC196F0F0F00FC738B /* Sources */,
				86ED30AD196F0F0F00FC738B /* Frameworks */,
				86ED30AE196F0F0F00FC738B /* Resources */,
				A39E04FB1E4D4DEA8CA8B336 /* Copy Pods Resources */,
			);
			buildRules = (
			);
			dependencies = (
			);
			name = TenMoves;
			productName = TenMoves;
			productReference = 86ED30B0196F0F0F00FC738B /* TenMoves.app */;
			productType = "com.apple.product-type.application";
		};
		86ED30CF196F0F0F00FC738B /* TenMovesTests */ = {
			isa = PBXNativeTarget;
			buildConfigurationList = 86ED30E5196F0F1000FC738B /* Build configuration list for PBXNativeTarget "TenMovesTests" */;
			buildPhases = (
				86ED30CC196F0F0F00FC738B /* Sources */,
				86ED30CD196F0F0F00FC738B /* Frameworks */,
				86ED30CE196F0F0F00FC738B /* Resources */,
			);
			buildRules = (
			);
			dependencies = (
				86ED30D7196F0F1000FC738B /* PBXTargetDependency */,
			);
			name = TenMovesTests;
			productName = TenMovesTests;
			productReference = 86ED30D0196F0F0F00FC738B /* TenMovesTests.xctest */;
			productType = "com.apple.product-type.bundle.unit-test";
		};
/* End PBXNativeTarget section */

/* Begin PBXProject section */
		86ED30A8196F0F0F00FC738B /* Project object */ = {
			isa = PBXProject;
			attributes = {
				LastUpgradeCheck = 0510;
				ORGANIZATIONNAME = "David Pedersen";
				TargetAttributes = {
					86ED30AF196F0F0F00FC738B = {
						DevelopmentTeam = T7C44MC7U8;
						SystemCapabilities = {
							com.apple.iCloud = {
								enabled = 0;
							};
						};
					};
					86ED30CF196F0F0F00FC738B = {
						TestTargetID = 86ED30AF196F0F0F00FC738B;
					};
				};
			};
			buildConfigurationList = 86ED30AB196F0F0F00FC738B /* Build configuration list for PBXProject "TenMoves" */;
			compatibilityVersion = "Xcode 3.2";
			developmentRegion = English;
			hasScannedForEncodings = 0;
			knownRegions = (
				en,
			);
			mainGroup = 86ED30A7196F0F0F00FC738B;
			productRefGroup = 86ED30B1196F0F0F00FC738B /* Products */;
			projectDirPath = "";
			projectRoot = "";
			targets = (
				86ED30AF196F0F0F00FC738B /* TenMoves */,
				86ED30CF196F0F0F00FC738B /* TenMovesTests */,
			);
		};
/* End PBXProject section */

/* Begin PBXResourcesBuildPhase section */
		86ED30AE196F0F0F00FC738B /* Resources */ = {
			isa = PBXResourcesBuildPhase;
			buildActionMask = 2147483647;
			files = (
				86ED30EC196F114D00FC738B /* MainStoryboard.storyboard in Resources */,
				86ED30C0196F0F0F00FC738B /* InfoPlist.strings in Resources */,
				86ED30CB196F0F0F00FC738B /* Images.xcassets in Resources */,
			);
			runOnlyForDeploymentPostprocessing = 0;
		};
		86ED30CE196F0F0F00FC738B /* Resources */ = {
			isa = PBXResourcesBuildPhase;
			buildActionMask = 2147483647;
			files = (
				86ED30DD196F0F1000FC738B /* InfoPlist.strings in Resources */,
			);
			runOnlyForDeploymentPostprocessing = 0;
		};
/* End PBXResourcesBuildPhase section */

/* Begin PBXShellScriptBuildPhase section */
		77CC8A84294B4065BD57785E /* Check Pods Manifest.lock */ = {
			isa = PBXShellScriptBuildPhase;
			buildActionMask = 2147483647;
			files = (
			);
			inputPaths = (
			);
			name = "Check Pods Manifest.lock";
			outputPaths = (
			);
			runOnlyForDeploymentPostprocessing = 0;
			shellPath = /bin/sh;
			shellScript = "diff \"${PODS_ROOT}/../Podfile.lock\" \"${PODS_ROOT}/Manifest.lock\" > /dev/null\nif [[ $? != 0 ]] ; then\n    cat << EOM\nerror: The sandbox is not in sync with the Podfile.lock. Run 'pod install' or update your CocoaPods installation.\nEOM\n    exit 1\nfi\n";
			showEnvVarsInLog = 0;
		};
		A39E04FB1E4D4DEA8CA8B336 /* Copy Pods Resources */ = {
			isa = PBXShellScriptBuildPhase;
			buildActionMask = 2147483647;
			files = (
			);
			inputPaths = (
			);
			name = "Copy Pods Resources";
			outputPaths = (
			);
			runOnlyForDeploymentPostprocessing = 0;
			shellPath = /bin/sh;
			shellScript = "\"${SRCROOT}/Pods/Pods-resources.sh\"\n";
			showEnvVarsInLog = 0;
		};
/* End PBXShellScriptBuildPhase section */

/* Begin PBXSourcesBuildPhase section */
		86ED30AC196F0F0F00FC738B /* Sources */ = {
			isa = PBXSourcesBuildPhase;
			buildActionMask = 2147483647;
			files = (
				8685E3B7196F5B0900A97585 /* MoveTableViewCell.m in Sources */,
				86A50456198917AD00E3FC8A /* JTSTextView.m in Sources */,
				86768810198526FA005679ED /* Snapshot.m in Sources */,
				8601299A1972886A0053C71D /* UITableViewCell+HelperMethods.m in Sources */,
				86ED30F2196F193200FC738B /* AddMoveTableViewController.m in Sources */,
				8685E3B4196F595E00A97585 /* Move.m in Sources */,
				8685E3BB196F60E200A97585 /* SnapshotsTableViewController.m in Sources */,
				86405D681987D0D300136C9C /* VideoEditor.m in Sources */,
				86ED30C6196F0F0F00FC738B /* AppDelegate.m in Sources */,
				86ED30C9196F0F0F00FC738B /* TenMoves.xcdatamodeld in Sources */,
				86A3F2671971578900E389A1 /* Repository.m in Sources */,
				8676880A198525D5005679ED /* SnapshotImage.m in Sources */,
				865304BD197FD97D00EEE9E0 /* ProgressPickerButton.m in Sources */,
				86A3F26319712D7900E389A1 /* ArrayDataSource.m in Sources */,
				86ED30C2196F0F0F00FC738B /* main.m in Sources */,
				863B0EAE1984237F00AAF919 /* ModelObject.m in Sources */,
				8676881419852FAF005679ED /* SnapshotVideo.m in Sources */,
				8685E3BE196F6A9200A97585 /* AddSnapshotTableViewController.m in Sources */,
				8658D100197317A000A2B36C /* ImageViewWithSnapshot.m in Sources */,
				8658D0FD197302FB00A2B36C /* SnapshotTableViewCell.m in Sources */,
				8601299E197297280053C71D /* ALAssetsLibrary+HelperMethods.m in Sources */,
				86A5045B1989294800E3FC8A /* ShowSnapshotViewController.m in Sources */,
				86ED30EF196F120700FC738B /* MovesTableViewController.m in Sources */,
				86405D6B1987E1CC00136C9C /* LoadingView.m in Sources */,
				865E4D461982737A0000CC30 /* Constants.m in Sources */,
				86CE5B36199767DC00D34095 /* LPBlockActionSheet.m in Sources */,
			);
			runOnlyForDeploymentPostprocessing = 0;
		};
		86ED30CC196F0F0F00FC738B /* Sources */ = {
			isa = PBXSourcesBuildPhase;
			buildActionMask = 2147483647;
			files = (
				86ED30DF196F0F1000FC738B /* TenMovesTests.m in Sources */,
			);
			runOnlyForDeploymentPostprocessing = 0;
		};
/* End PBXSourcesBuildPhase section */

/* Begin PBXTargetDependency section */
		86ED30D7196F0F1000FC738B /* PBXTargetDependency */ = {
			isa = PBXTargetDependency;
			target = 86ED30AF196F0F0F00FC738B /* TenMoves */;
			targetProxy = 86ED30D6196F0F1000FC738B /* PBXContainerItemProxy */;
		};
/* End PBXTargetDependency section */

/* Begin PBXVariantGroup section */
		86ED30BE196F0F0F00FC738B /* InfoPlist.strings */ = {
			isa = PBXVariantGroup;
			children = (
				86ED30BF196F0F0F00FC738B /* en */,
			);
			name = InfoPlist.strings;
			sourceTree = "<group>";
		};
		86ED30DB196F0F1000FC738B /* InfoPlist.strings */ = {
			isa = PBXVariantGroup;
			children = (
				86ED30DC196F0F1000FC738B /* en */,
			);
			name = InfoPlist.strings;
			sourceTree = "<group>";
		};
/* End PBXVariantGroup section */

/* Begin XCBuildConfiguration section */
		86ED30E0196F0F1000FC738B /* Debug */ = {
			isa = XCBuildConfiguration;
			buildSettings = {
				ALWAYS_SEARCH_USER_PATHS = NO;
				CLANG_CXX_LANGUAGE_STANDARD = "gnu++0x";
				CLANG_CXX_LIBRARY = "libc++";
				CLANG_ENABLE_MODULES = YES;
				CLANG_ENABLE_OBJC_ARC = YES;
				CLANG_WARN_BOOL_CONVERSION = YES;
				CLANG_WARN_CONSTANT_CONVERSION = YES;
				CLANG_WARN_DIRECT_OBJC_ISA_USAGE = YES_ERROR;
				CLANG_WARN_EMPTY_BODY = YES;
				CLANG_WARN_ENUM_CONVERSION = YES;
				CLANG_WARN_INT_CONVERSION = YES;
				CLANG_WARN_OBJC_ROOT_CLASS = YES_ERROR;
				CLANG_WARN__DUPLICATE_METHOD_MATCH = YES;
				"CODE_SIGN_IDENTITY[sdk=iphoneos*]" = "iPhone Developer";
				COPY_PHASE_STRIP = NO;
				GCC_C_LANGUAGE_STANDARD = gnu99;
				GCC_DYNAMIC_NO_PIC = NO;
				GCC_OPTIMIZATION_LEVEL = 0;
				GCC_PREPROCESSOR_DEFINITIONS = (
					"DEBUG=1",
					"$(inherited)",
				);
				GCC_SYMBOLS_PRIVATE_EXTERN = NO;
				GCC_WARN_64_TO_32_BIT_CONVERSION = YES;
				GCC_WARN_ABOUT_RETURN_TYPE = YES_ERROR;
				GCC_WARN_UNDECLARED_SELECTOR = YES;
				GCC_WARN_UNINITIALIZED_AUTOS = YES_AGGRESSIVE;
				GCC_WARN_UNUSED_FUNCTION = YES;
				GCC_WARN_UNUSED_VARIABLE = YES;
				IPHONEOS_DEPLOYMENT_TARGET = 7.1;
				ONLY_ACTIVE_ARCH = YES;
				SDKROOT = iphoneos;
			};
			name = Debug;
		};
		86ED30E1196F0F1000FC738B /* Release */ = {
			isa = XCBuildConfiguration;
			buildSettings = {
				ALWAYS_SEARCH_USER_PATHS = NO;
				CLANG_CXX_LANGUAGE_STANDARD = "gnu++0x";
				CLANG_CXX_LIBRARY = "libc++";
				CLANG_ENABLE_MODULES = YES;
				CLANG_ENABLE_OBJC_ARC = YES;
				CLANG_WARN_BOOL_CONVERSION = YES;
				CLANG_WARN_CONSTANT_CONVERSION = YES;
				CLANG_WARN_DIRECT_OBJC_ISA_USAGE = YES_ERROR;
				CLANG_WARN_EMPTY_BODY = YES;
				CLANG_WARN_ENUM_CONVERSION = YES;
				CLANG_WARN_INT_CONVERSION = YES;
				CLANG_WARN_OBJC_ROOT_CLASS = YES_ERROR;
				CLANG_WARN__DUPLICATE_METHOD_MATCH = YES;
				"CODE_SIGN_IDENTITY[sdk=iphoneos*]" = "iPhone Developer";
				COPY_PHASE_STRIP = YES;
				ENABLE_NS_ASSERTIONS = NO;
				GCC_C_LANGUAGE_STANDARD = gnu99;
				GCC_WARN_64_TO_32_BIT_CONVERSION = YES;
				GCC_WARN_ABOUT_RETURN_TYPE = YES_ERROR;
				GCC_WARN_UNDECLARED_SELECTOR = YES;
				GCC_WARN_UNINITIALIZED_AUTOS = YES_AGGRESSIVE;
				GCC_WARN_UNUSED_FUNCTION = YES;
				GCC_WARN_UNUSED_VARIABLE = YES;
				IPHONEOS_DEPLOYMENT_TARGET = 7.1;
				SDKROOT = iphoneos;
				VALIDATE_PRODUCT = YES;
			};
			name = Release;
		};
		86ED30E3196F0F1000FC738B /* Debug */ = {
			isa = XCBuildConfiguration;
			baseConfigurationReference = 4816D04F5138490DBFCB6865 /* Pods.xcconfig */;
			buildSettings = {
				ASSETCATALOG_COMPILER_APPICON_NAME = AppIcon;
				ASSETCATALOG_COMPILER_LAUNCHIMAGE_NAME = LaunchImage;
				CODE_SIGN_IDENTITY = "iPhone Developer";
				"CODE_SIGN_IDENTITY[sdk=iphoneos*]" = "iPhone Developer";
				GCC_PRECOMPILE_PREFIX_HEADER = YES;
				GCC_PREFIX_HEADER = "TenMoves/TenMoves-Prefix.pch";
				INFOPLIST_FILE = "TenMoves/TenMoves-Info.plist";
				PRODUCT_NAME = "$(TARGET_NAME)";
				PROVISIONING_PROFILE = "C1434404-5E1C-4A6A-A46D-D44D0130DCE3";
				WRAPPER_EXTENSION = app;
			};
			name = Debug;
		};
		86ED30E4196F0F1000FC738B /* Release */ = {
			isa = XCBuildConfiguration;
			baseConfigurationReference = 4816D04F5138490DBFCB6865 /* Pods.xcconfig */;
			buildSettings = {
				ASSETCATALOG_COMPILER_APPICON_NAME = AppIcon;
				ASSETCATALOG_COMPILER_LAUNCHIMAGE_NAME = LaunchImage;
				CODE_SIGN_IDENTITY = "iPhone Developer";
				"CODE_SIGN_IDENTITY[sdk=iphoneos*]" = "iPhone Developer";
				GCC_PRECOMPILE_PREFIX_HEADER = YES;
				GCC_PREFIX_HEADER = "TenMoves/TenMoves-Prefix.pch";
				INFOPLIST_FILE = "TenMoves/TenMoves-Info.plist";
				PRODUCT_NAME = "$(TARGET_NAME)";
				PROVISIONING_PROFILE = "C1434404-5E1C-4A6A-A46D-D44D0130DCE3";
				WRAPPER_EXTENSION = app;
			};
			name = Release;
		};
		86ED30E6196F0F1000FC738B /* Debug */ = {
			isa = XCBuildConfiguration;
			buildSettings = {
				BUNDLE_LOADER = "$(BUILT_PRODUCTS_DIR)/TenMoves.app/TenMoves";
				FRAMEWORK_SEARCH_PATHS = (
					"$(SDKROOT)/Developer/Library/Frameworks",
					"$(inherited)",
					"$(DEVELOPER_FRAMEWORKS_DIR)",
				);
				GCC_PRECOMPILE_PREFIX_HEADER = YES;
				GCC_PREFIX_HEADER = "TenMoves/TenMoves-Prefix.pch";
				GCC_PREPROCESSOR_DEFINITIONS = (
					"DEBUG=1",
					"$(inherited)",
				);
				INFOPLIST_FILE = "TenMovesTests/TenMovesTests-Info.plist";
				PRODUCT_NAME = "$(TARGET_NAME)";
				TEST_HOST = "$(BUNDLE_LOADER)";
				WRAPPER_EXTENSION = xctest;
			};
			name = Debug;
		};
		86ED30E7196F0F1000FC738B /* Release */ = {
			isa = XCBuildConfiguration;
			buildSettings = {
				BUNDLE_LOADER = "$(BUILT_PRODUCTS_DIR)/TenMoves.app/TenMoves";
				FRAMEWORK_SEARCH_PATHS = (
					"$(SDKROOT)/Developer/Library/Frameworks",
					"$(inherited)",
					"$(DEVELOPER_FRAMEWORKS_DIR)",
				);
				GCC_PRECOMPILE_PREFIX_HEADER = YES;
				GCC_PREFIX_HEADER = "TenMoves/TenMoves-Prefix.pch";
				INFOPLIST_FILE = "TenMovesTests/TenMovesTests-Info.plist";
				PRODUCT_NAME = "$(TARGET_NAME)";
				TEST_HOST = "$(BUNDLE_LOADER)";
				WRAPPER_EXTENSION = xctest;
			};
			name = Release;
		};
/* End XCBuildConfiguration section */

/* Begin XCConfigurationList section */
		86ED30AB196F0F0F00FC738B /* Build configuration list for PBXProject "TenMoves" */ = {
			isa = XCConfigurationList;
			buildConfigurations = (
				86ED30E0196F0F1000FC738B /* Debug */,
				86ED30E1196F0F1000FC738B /* Release */,
			);
			defaultConfigurationIsVisible = 0;
			defaultConfigurationName = Release;
		};
		86ED30E2196F0F1000FC738B /* Build configuration list for PBXNativeTarget "TenMoves" */ = {
			isa = XCConfigurationList;
			buildConfigurations = (
				86ED30E3196F0F1000FC738B /* Debug */,
				86ED30E4196F0F1000FC738B /* Release */,
			);
			defaultConfigurationIsVisible = 0;
			defaultConfigurationName = Release;
		};
		86ED30E5196F0F1000FC738B /* Build configuration list for PBXNativeTarget "TenMovesTests" */ = {
			isa = XCConfigurationList;
			buildConfigurations = (
				86ED30E6196F0F1000FC738B /* Debug */,
				86ED30E7196F0F1000FC738B /* Release */,
			);
			defaultConfigurationIsVisible = 0;
			defaultConfigurationName = Release;
		};
/* End XCConfigurationList section */

/* Begin XCVersionGroup section */
		86ED30C7196F0F0F00FC738B /* TenMoves.xcdatamodeld */ = {
			isa = XCVersionGroup;
			children = (
				86A504581989276D00E3FC8A /* TenMoves 8.xcdatamodel */,
				8676881119852F52005679ED /* TenMoves 7.xcdatamodel */,
				863B0EB0198426E500AAF919 /* TenMoves 3.xcdatamodel */,
				866A0B6419842BD300FF11A6 /* TenMoves 4.xcdatamodel */,
				86EA19C2198475FC007B4813 /* TenMoves 5.xcdatamodel */,
				867688071985173E005679ED /* TenMoves 6.xcdatamodel */,
				865E4D43198265FB0000CC30 /* TenMoves 2.xcdatamodel */,
				86ED30C8196F0F0F00FC738B /* TenMoves.xcdatamodel */,
			);
			currentVersion = 86A504581989276D00E3FC8A /* TenMoves 8.xcdatamodel */;
			path = TenMoves.xcdatamodeld;
			sourceTree = "<group>";
			versionGroupType = wrapper.xcdatamodel;
		};
/* End XCVersionGroup section */
	};
	rootObject = 86ED30A8196F0F0F00FC738B /* Project object */;
}
