PODS:
  - AFNetworking (2.5.4):
    - AFNetworking/NSURLConnection (= 2.5.4)
    - AFNetworking/NSURLSession (= 2.5.4)
    - AFNetworking/Reachability (= 2.5.4)
    - AFNetworking/Security (= 2.5.4)
    - AFNetworking/Serialization (= 2.5.4)
    - AFNetworking/UIKit (= 2.5.4)
  - AFNetworking/NSURLConnection (2.5.4):
    - AFNetworking/Reachability
    - AFNetworking/Security
    - AFNetworking/Serialization
  - AFNetworking/NSURLSession (2.5.4):
    - AFNetworking/Reachability
    - AFNetworking/Security
    - AFNetworking/Serialization
  - AFNetworking/Reachability (2.5.4)
  - AFNetworking/Security (2.5.4)
  - AFNetworking/Serialization (2.5.4)
  - AFNetworking/UIKit (2.5.4):
    - AFNetworking/NSURLConnection
    - AFNetworking/NSURLSession
  - BEMSimpleLineGraph (3.1)
  - DZNEmptyDataSet (1.4.1)
  - KIF (3.0.8):
    - KIF/XCTest (= 3.0.8)
  - KIF/XCTest (3.0.8)

DEPENDENCIES:
  - AFNetworking (~> 2.0)
  - BEMSimpleLineGraph
  - DZNEmptyDataSet
  - KIF (~> 3.0)

SPEC CHECKSUMS:
  AFNetworking: 05edc0ac4c4c8cf57bcf4b84be5b0744b6d8e71e
  BEMSimpleLineGraph: 54e5f9fbcad282b464b9425abf215f95fa43c9f2
  DZNEmptyDataSet: b6d8ef0e69a4347b70c642148453174dbf8817f1
  KIF: 3c2cb8e66fb216f9c3abcd714699411f0256f767

COCOAPODS: 0.37.2
